PODS:
  - ExpandableCell (1.2.4)
  - KYDrawerController (2.1.0)

DEPENDENCIES:
  - ExpandableCell (= 1.2.4)
  - KYDrawerController

SPEC REPOS:
  https://github.com/cocoapods/specs.git:
    - ExpandableCell
    - KYDrawerController

SPEC CHECKSUMS:
  ExpandableCell: 09235bd29b11ca958c4205aba75ddc3494a4e5a1
  KYDrawerController: baad0e63b09c0cb564bd48f0f7f70f45d9176ebc

PODFILE CHECKSUM: a8a05de6fcb30d230a997455e8d1de4de63561a9

COCOAPODS: 1.5.3
