// !$*UTF8*$!
{
	archiveVersion = 1;
	classes = {
	};
	objectVersion = 50;
	objects = {

/* Begin PBXBuildFile section */
		B109D754218AA681009035B0 /* DrawerCell.swift in Sources */ = {isa = PBXBuildFile; fileRef = B109D753218AA681009035B0 /* DrawerCell.swift */; };
		B111EB2D219CC778005B0375 /* Restaurant.swift in Sources */ = {isa = PBXBuildFile; fileRef = B111EB2C219CC778005B0375 /* Restaurant.swift */; };
		B111EB2F219CD256005B0375 /* FoodClassCell.swift in Sources */ = {isa = PBXBuildFile; fileRef = B111EB2E219CD256005B0375 /* FoodClassCell.swift */; };
		B111EB31219CD273005B0375 /* ExpandedCell.swift in Sources */ = {isa = PBXBuildFile; fileRef = B111EB30219CD273005B0375 /* ExpandedCell.swift */; };
		B1497DD6219B81A100816F68 /* LoginViewController.swift in Sources */ = {isa = PBXBuildFile; fileRef = B1497DD5219B81A100816F68 /* LoginViewController.swift */; };
		B1497DD8219B820D00816F68 /* Client.swift in Sources */ = {isa = PBXBuildFile; fileRef = B1497DD7219B820D00816F68 /* Client.swift */; };
		B1497DDA219B827400816F68 /* Constants.swift in Sources */ = {isa = PBXBuildFile; fileRef = B1497DD9219B827400816F68 /* Constants.swift */; };
		B1497DDC219B833100816F68 /* Convenience.swift in Sources */ = {isa = PBXBuildFile; fileRef = B1497DDB219B833100816F68 /* Convenience.swift */; };
		B1497DDE219B845900816F68 /* User.swift in Sources */ = {isa = PBXBuildFile; fileRef = B1497DDD219B845900816F68 /* User.swift */; };
		B1497DE0219B987500816F68 /* LeftAlignedIconButton.swift in Sources */ = {isa = PBXBuildFile; fileRef = B1497DDF219B987500816F68 /* LeftAlignedIconButton.swift */; };
		B1497DE2219BC31200816F68 /* FoodCourt.swift in Sources */ = {isa = PBXBuildFile; fileRef = B1497DE1219BC31200816F68 /* FoodCourt.swift */; };
		B175E433219934B60043064B /* FoodChainViewCell.swift in Sources */ = {isa = PBXBuildFile; fileRef = B175E432219934B60043064B /* FoodChainViewCell.swift */; };
		B19E76BD2189156300B7E6F1 /* HeaderView.swift in Sources */ = {isa = PBXBuildFile; fileRef = B19E76BC2189156300B7E6F1 /* HeaderView.swift */; };
		B19E76BF2189162500B7E6F1 /* CartCollectionViewCell.swift in Sources */ = {isa = PBXBuildFile; fileRef = B19E76BE2189162500B7E6F1 /* CartCollectionViewCell.swift */; };
		B19E76C121892D0C00B7E6F1 /* FinalPriceView.swift in Sources */ = {isa = PBXBuildFile; fileRef = B19E76C021892D0C00B7E6F1 /* FinalPriceView.swift */; };
		B1A0AD70218BD12C008C17F5 /* ClientOrderCell.swift in Sources */ = {isa = PBXBuildFile; fileRef = B1A0AD6F218BD12C008C17F5 /* ClientOrderCell.swift */; };
		B1A344CE21713D81005B1A81 /* AppDelegate.swift in Sources */ = {isa = PBXBuildFile; fileRef = B1A344CD21713D81005B1A81 /* AppDelegate.swift */; };
		B1A344D021713D81005B1A81 /* AuthenticationViewController.swift in Sources */ = {isa = PBXBuildFile; fileRef = B1A344CF21713D81005B1A81 /* AuthenticationViewController.swift */; };
		B1A344D321713D81005B1A81 /* Main.storyboard in Resources */ = {isa = PBXBuildFile; fileRef = B1A344D121713D81005B1A81 /* Main.storyboard */; };
		B1A344D821713D82005B1A81 /* Assets.xcassets in Resources */ = {isa = PBXBuildFile; fileRef = B1A344D721713D82005B1A81 /* Assets.xcassets */; };
		B1A344DB21713D82005B1A81 /* LaunchScreen.storyboard in Resources */ = {isa = PBXBuildFile; fileRef = B1A344D921713D82005B1A81 /* LaunchScreen.storyboard */; };
		B1A344E321713FF6005B1A81 /* ClientHomeViewController.swift in Sources */ = {isa = PBXBuildFile; fileRef = B1A344E221713FF6005B1A81 /* ClientHomeViewController.swift */; };
		B1A344E521714021005B1A81 /* Extension.swift in Sources */ = {isa = PBXBuildFile; fileRef = B1A344E421714021005B1A81 /* Extension.swift */; };
		B1A344E921714237005B1A81 /* BaseCell.swift in Sources */ = {isa = PBXBuildFile; fileRef = B1A344E821714237005B1A81 /* BaseCell.swift */; };
		B1A344EB21714440005B1A81 /* FoodChainCollectionViewCell.swift in Sources */ = {isa = PBXBuildFile; fileRef = B1A344EA21714440005B1A81 /* FoodChainCollectionViewCell.swift */; };
		B1A344F121715143005B1A81 /* VendorCollectionViewCell.swift in Sources */ = {isa = PBXBuildFile; fileRef = B1A344F021715143005B1A81 /* VendorCollectionViewCell.swift */; };
		B1A344F521715B3A005B1A81 /* FoodChainViewController.swift in Sources */ = {isa = PBXBuildFile; fileRef = B1A344F421715B3A005B1A81 /* FoodChainViewController.swift */; };
		B1A344F7217167C2005B1A81 /* FoodJointMenuViewController.swift in Sources */ = {isa = PBXBuildFile; fileRef = B1A344F6217167C2005B1A81 /* FoodJointMenuViewController.swift */; };
		B1B077EF2187431E00A6AA67 /* CartViewController.swift in Sources */ = {isa = PBXBuildFile; fileRef = B1B077EE2187431E00A6AA67 /* CartViewController.swift */; };
		B1C7A9EB219E8A3C0026F614 /* Category.swift in Sources */ = {isa = PBXBuildFile; fileRef = B1C7A9EA219E8A3C0026F614 /* Category.swift */; };
		B1C7A9ED219E8A7C0026F614 /* FoodItem.swift in Sources */ = {isa = PBXBuildFile; fileRef = B1C7A9EC219E8A7C0026F614 /* FoodItem.swift */; };
		B1E1A5FC21A4EDDB00F2FCA0 /* DrawerHeaderCell.swift in Sources */ = {isa = PBXBuildFile; fileRef = B1E1A5FB21A4EDDB00F2FCA0 /* DrawerHeaderCell.swift */; };
		B1E1A5FE21A508DD00F2FCA0 /* SignupViewController.swift in Sources */ = {isa = PBXBuildFile; fileRef = B1E1A5FD21A508DD00F2FCA0 /* SignupViewController.swift */; };
		B1E44D9B21A219B0005CB9B0 /* Order.swift in Sources */ = {isa = PBXBuildFile; fileRef = B1E44D9A21A219B0005CB9B0 /* Order.swift */; };
		B1E569FE2189486600C4B5B3 /* GMStepper.swift in Sources */ = {isa = PBXBuildFile; fileRef = B1E569FD2189486600C4B5B3 /* GMStepper.swift */; };
		B1E56A002189640800C4B5B3 /* OrderConfirmationViewController.swift in Sources */ = {isa = PBXBuildFile; fileRef = B1E569FF2189640800C4B5B3 /* OrderConfirmationViewController.swift */; };
		B1E56A02218A9AA200C4B5B3 /* OrdersViewController.swift in Sources */ = {isa = PBXBuildFile; fileRef = B1E56A01218A9AA200C4B5B3 /* OrdersViewController.swift */; };
		B1E56A04218A9E4000C4B5B3 /* DrawerViewController.swift in Sources */ = {isa = PBXBuildFile; fileRef = B1E56A03218A9E4000C4B5B3 /* DrawerViewController.swift */; };
		B1E9612C21A43A9A003A1FD9 /* FooterView.swift in Sources */ = {isa = PBXBuildFile; fileRef = B1E9612B21A43A9A003A1FD9 /* FooterView.swift */; };
		B1E9612E21A43AD7003A1FD9 /* VendorHeaderView.swift in Sources */ = {isa = PBXBuildFile; fileRef = B1E9612D21A43AD7003A1FD9 /* VendorHeaderView.swift */; };
		B1E9613021A43B27003A1FD9 /* MenuBar.swift in Sources */ = {isa = PBXBuildFile; fileRef = B1E9612F21A43B27003A1FD9 /* MenuBar.swift */; };
		B1E9613221A43B70003A1FD9 /* MenuCell.swift in Sources */ = {isa = PBXBuildFile; fileRef = B1E9613121A43B70003A1FD9 /* MenuCell.swift */; };
		B1E9613421A43BF4003A1FD9 /* VendorOrderCell.swift in Sources */ = {isa = PBXBuildFile; fileRef = B1E9613321A43BF4003A1FD9 /* VendorOrderCell.swift */; };
		B1E9613621A43C0E003A1FD9 /* OrderDetailCell.swift in Sources */ = {isa = PBXBuildFile; fileRef = B1E9613521A43C0E003A1FD9 /* OrderDetailCell.swift */; };
		B1E9613821A43C14003A1FD9 /* OrderDetailViewController.swift in Sources */ = {isa = PBXBuildFile; fileRef = B1E9613721A43C14003A1FD9 /* OrderDetailViewController.swift */; };
		B1E9613A21A43C21003A1FD9 /* OrderItem.swift in Sources */ = {isa = PBXBuildFile; fileRef = B1E9613921A43C21003A1FD9 /* OrderItem.swift */; };
		B1E9613C21A43C28003A1FD9 /* OrderItemCell.swift in Sources */ = {isa = PBXBuildFile; fileRef = B1E9613B21A43C28003A1FD9 /* OrderItemCell.swift */; };
		B1E9613E21A43C2E003A1FD9 /* VendorHomeViewController.swift in Sources */ = {isa = PBXBuildFile; fileRef = B1E9613D21A43C2E003A1FD9 /* VendorHomeViewController.swift */; };
		B1E9614121A44B99003A1FD9 /* ProfileViewController.swift in Sources */ = {isa = PBXBuildFile; fileRef = B1E9614021A44B99003A1FD9 /* ProfileViewController.swift */; };
		F751013DA44CD8083B116A27 /* Pods_Food_Aggregator.framework in Frameworks */ = {isa = PBXBuildFile; fileRef = 59ADAEC1EAF00BED6FF7E730 /* Pods_Food_Aggregator.framework */; };
/* End PBXBuildFile section */

/* Begin PBXFileReference section */
		59ADAEC1EAF00BED6FF7E730 /* Pods_Food_Aggregator.framework */ = {isa = PBXFileReference; explicitFileType = wrapper.framework; includeInIndex = 0; path = Pods_Food_Aggregator.framework; sourceTree = BUILT_PRODUCTS_DIR; };
		7A20080A819988240ED7CC87 /* Pods-Food Aggregator.debug.xcconfig */ = {isa = PBXFileReference; includeInIndex = 1; lastKnownFileType = text.xcconfig; name = "Pods-Food Aggregator.debug.xcconfig"; path = "Pods/Target Support Files/Pods-Food Aggregator/Pods-Food Aggregator.debug.xcconfig"; sourceTree = "<group>"; };
		B109D753218AA681009035B0 /* DrawerCell.swift */ = {isa = PBXFileReference; lastKnownFileType = sourcecode.swift; path = DrawerCell.swift; sourceTree = "<group>"; };
		B111EB2C219CC778005B0375 /* Restaurant.swift */ = {isa = PBXFileReference; lastKnownFileType = sourcecode.swift; path = Restaurant.swift; sourceTree = "<group>"; };
		B111EB2E219CD256005B0375 /* FoodClassCell.swift */ = {isa = PBXFileReference; lastKnownFileType = sourcecode.swift; path = FoodClassCell.swift; sourceTree = "<group>"; };
		B111EB30219CD273005B0375 /* ExpandedCell.swift */ = {isa = PBXFileReference; lastKnownFileType = sourcecode.swift; path = ExpandedCell.swift; sourceTree = "<group>"; };
		B1497DD5219B81A100816F68 /* LoginViewController.swift */ = {isa = PBXFileReference; lastKnownFileType = sourcecode.swift; path = LoginViewController.swift; sourceTree = "<group>"; };
		B1497DD7219B820D00816F68 /* Client.swift */ = {isa = PBXFileReference; lastKnownFileType = sourcecode.swift; path = Client.swift; sourceTree = "<group>"; };
		B1497DD9219B827400816F68 /* Constants.swift */ = {isa = PBXFileReference; lastKnownFileType = sourcecode.swift; path = Constants.swift; sourceTree = "<group>"; };
		B1497DDB219B833100816F68 /* Convenience.swift */ = {isa = PBXFileReference; lastKnownFileType = sourcecode.swift; path = Convenience.swift; sourceTree = "<group>"; };
		B1497DDD219B845900816F68 /* User.swift */ = {isa = PBXFileReference; lastKnownFileType = sourcecode.swift; path = User.swift; sourceTree = "<group>"; };
		B1497DDF219B987500816F68 /* LeftAlignedIconButton.swift */ = {isa = PBXFileReference; lastKnownFileType = sourcecode.swift; path = LeftAlignedIconButton.swift; sourceTree = "<group>"; };
		B1497DE1219BC31200816F68 /* FoodCourt.swift */ = {isa = PBXFileReference; lastKnownFileType = sourcecode.swift; path = FoodCourt.swift; sourceTree = "<group>"; };
		B175E432219934B60043064B /* FoodChainViewCell.swift */ = {isa = PBXFileReference; lastKnownFileType = sourcecode.swift; path = FoodChainViewCell.swift; sourceTree = "<group>"; };
		B19E76BC2189156300B7E6F1 /* HeaderView.swift */ = {isa = PBXFileReference; lastKnownFileType = sourcecode.swift; path = HeaderView.swift; sourceTree = "<group>"; };
		B19E76BE2189162500B7E6F1 /* CartCollectionViewCell.swift */ = {isa = PBXFileReference; lastKnownFileType = sourcecode.swift; path = CartCollectionViewCell.swift; sourceTree = "<group>"; };
		B19E76C021892D0C00B7E6F1 /* FinalPriceView.swift */ = {isa = PBXFileReference; lastKnownFileType = sourcecode.swift; path = FinalPriceView.swift; sourceTree = "<group>"; };
		B1A0AD6F218BD12C008C17F5 /* ClientOrderCell.swift */ = {isa = PBXFileReference; lastKnownFileType = sourcecode.swift; path = ClientOrderCell.swift; sourceTree = "<group>"; };
		B1A344CA21713D81005B1A81 /* Food Aggregator.app */ = {isa = PBXFileReference; explicitFileType = wrapper.application; includeInIndex = 0; path = "Food Aggregator.app"; sourceTree = BUILT_PRODUCTS_DIR; };
		B1A344CD21713D81005B1A81 /* AppDelegate.swift */ = {isa = PBXFileReference; lastKnownFileType = sourcecode.swift; path = AppDelegate.swift; sourceTree = "<group>"; };
		B1A344CF21713D81005B1A81 /* AuthenticationViewController.swift */ = {isa = PBXFileReference; lastKnownFileType = sourcecode.swift; path = AuthenticationViewController.swift; sourceTree = "<group>"; };
		B1A344D221713D81005B1A81 /* Base */ = {isa = PBXFileReference; lastKnownFileType = file.storyboard; name = Base; path = Base.lproj/Main.storyboard; sourceTree = "<group>"; };
		B1A344D721713D82005B1A81 /* Assets.xcassets */ = {isa = PBXFileReference; lastKnownFileType = folder.assetcatalog; path = Assets.xcassets; sourceTree = "<group>"; };
		B1A344DA21713D82005B1A81 /* Base */ = {isa = PBXFileReference; lastKnownFileType = file.storyboard; name = Base; path = Base.lproj/LaunchScreen.storyboard; sourceTree = "<group>"; };
		B1A344DC21713D82005B1A81 /* Info.plist */ = {isa = PBXFileReference; lastKnownFileType = text.plist.xml; path = Info.plist; sourceTree = "<group>"; };
		B1A344E221713FF6005B1A81 /* ClientHomeViewController.swift */ = {isa = PBXFileReference; lastKnownFileType = sourcecode.swift; path = ClientHomeViewController.swift; sourceTree = "<group>"; };
		B1A344E421714021005B1A81 /* Extension.swift */ = {isa = PBXFileReference; lastKnownFileType = sourcecode.swift; path = Extension.swift; sourceTree = "<group>"; };
		B1A344E821714237005B1A81 /* BaseCell.swift */ = {isa = PBXFileReference; lastKnownFileType = sourcecode.swift; path = BaseCell.swift; sourceTree = "<group>"; };
		B1A344EA21714440005B1A81 /* FoodChainCollectionViewCell.swift */ = {isa = PBXFileReference; lastKnownFileType = sourcecode.swift; path = FoodChainCollectionViewCell.swift; sourceTree = "<group>"; };
		B1A344F021715143005B1A81 /* VendorCollectionViewCell.swift */ = {isa = PBXFileReference; lastKnownFileType = sourcecode.swift; path = VendorCollectionViewCell.swift; sourceTree = "<group>"; };
		B1A344F421715B3A005B1A81 /* FoodChainViewController.swift */ = {isa = PBXFileReference; lastKnownFileType = sourcecode.swift; path = FoodChainViewController.swift; sourceTree = "<group>"; };
		B1A344F6217167C2005B1A81 /* FoodJointMenuViewController.swift */ = {isa = PBXFileReference; lastKnownFileType = sourcecode.swift; path = FoodJointMenuViewController.swift; sourceTree = "<group>"; };
		B1B077EE2187431E00A6AA67 /* CartViewController.swift */ = {isa = PBXFileReference; lastKnownFileType = sourcecode.swift; path = CartViewController.swift; sourceTree = "<group>"; };
		B1C7A9EA219E8A3C0026F614 /* Category.swift */ = {isa = PBXFileReference; lastKnownFileType = sourcecode.swift; path = Category.swift; sourceTree = "<group>"; };
		B1C7A9EC219E8A7C0026F614 /* FoodItem.swift */ = {isa = PBXFileReference; lastKnownFileType = sourcecode.swift; path = FoodItem.swift; sourceTree = "<group>"; };
		B1E1A5FB21A4EDDB00F2FCA0 /* DrawerHeaderCell.swift */ = {isa = PBXFileReference; lastKnownFileType = sourcecode.swift; path = DrawerHeaderCell.swift; sourceTree = "<group>"; };
		B1E1A5FD21A508DD00F2FCA0 /* SignupViewController.swift */ = {isa = PBXFileReference; lastKnownFileType = sourcecode.swift; path = SignupViewController.swift; sourceTree = "<group>"; };
		B1E1A5FF21A526C800F2FCA0 /* Header.h */ = {isa = PBXFileReference; lastKnownFileType = sourcecode.c.h; path = Header.h; sourceTree = "<group>"; };
		B1E1A60021A526F400F2FCA0 /* ExceptionCatcher.h */ = {isa = PBXFileReference; lastKnownFileType = sourcecode.c.h; path = ExceptionCatcher.h; sourceTree = "<group>"; };
		B1E44D9A21A219B0005CB9B0 /* Order.swift */ = {isa = PBXFileReference; lastKnownFileType = sourcecode.swift; path = Order.swift; sourceTree = "<group>"; };
		B1E569FD2189486600C4B5B3 /* GMStepper.swift */ = {isa = PBXFileReference; lastKnownFileType = sourcecode.swift; path = GMStepper.swift; sourceTree = "<group>"; };
		B1E569FF2189640800C4B5B3 /* OrderConfirmationViewController.swift */ = {isa = PBXFileReference; lastKnownFileType = sourcecode.swift; path = OrderConfirmationViewController.swift; sourceTree = "<group>"; };
		B1E56A01218A9AA200C4B5B3 /* OrdersViewController.swift */ = {isa = PBXFileReference; lastKnownFileType = sourcecode.swift; path = OrdersViewController.swift; sourceTree = "<group>"; };
		B1E56A03218A9E4000C4B5B3 /* DrawerViewController.swift */ = {isa = PBXFileReference; lastKnownFileType = sourcecode.swift; path = DrawerViewController.swift; sourceTree = "<group>"; };
		B1E9612B21A43A9A003A1FD9 /* FooterView.swift */ = {isa = PBXFileReference; lastKnownFileType = sourcecode.swift; path = FooterView.swift; sourceTree = "<group>"; };
		B1E9612D21A43AD7003A1FD9 /* VendorHeaderView.swift */ = {isa = PBXFileReference; lastKnownFileType = sourcecode.swift; path = VendorHeaderView.swift; sourceTree = "<group>"; };
		B1E9612F21A43B27003A1FD9 /* MenuBar.swift */ = {isa = PBXFileReference; lastKnownFileType = sourcecode.swift; path = MenuBar.swift; sourceTree = "<group>"; };
		B1E9613121A43B70003A1FD9 /* MenuCell.swift */ = {isa = PBXFileReference; fileEncoding = 4; lastKnownFileType = sourcecode.swift; path = MenuCell.swift; sourceTree = "<group>"; };
		B1E9613321A43BF4003A1FD9 /* VendorOrderCell.swift */ = {isa = PBXFileReference; fileEncoding = 4; lastKnownFileType = sourcecode.swift; path = VendorOrderCell.swift; sourceTree = "<group>"; };
		B1E9613521A43C0E003A1FD9 /* OrderDetailCell.swift */ = {isa = PBXFileReference; fileEncoding = 4; lastKnownFileType = sourcecode.swift; path = OrderDetailCell.swift; sourceTree = "<group>"; };
		B1E9613721A43C14003A1FD9 /* OrderDetailViewController.swift */ = {isa = PBXFileReference; fileEncoding = 4; lastKnownFileType = sourcecode.swift; path = OrderDetailViewController.swift; sourceTree = "<group>"; };
		B1E9613921A43C21003A1FD9 /* OrderItem.swift */ = {isa = PBXFileReference; fileEncoding = 4; lastKnownFileType = sourcecode.swift; path = OrderItem.swift; sourceTree = "<group>"; };
		B1E9613B21A43C28003A1FD9 /* OrderItemCell.swift */ = {isa = PBXFileReference; fileEncoding = 4; lastKnownFileType = sourcecode.swift; path = OrderItemCell.swift; sourceTree = "<group>"; };
		B1E9613D21A43C2E003A1FD9 /* VendorHomeViewController.swift */ = {isa = PBXFileReference; fileEncoding = 4; lastKnownFileType = sourcecode.swift; path = VendorHomeViewController.swift; sourceTree = "<group>"; };
		B1E9614021A44B99003A1FD9 /* ProfileViewController.swift */ = {isa = PBXFileReference; lastKnownFileType = sourcecode.swift; path = ProfileViewController.swift; sourceTree = "<group>"; };
		EF0334ED2AD4150CC5393B7C /* Pods-Food Aggregator.release.xcconfig */ = {isa = PBXFileReference; includeInIndex = 1; lastKnownFileType = text.xcconfig; name = "Pods-Food Aggregator.release.xcconfig"; path = "Pods/Target Support Files/Pods-Food Aggregator/Pods-Food Aggregator.release.xcconfig"; sourceTree = "<group>"; };
/* End PBXFileReference section */

/* Begin PBXFrameworksBuildPhase section */
		B1A344C721713D81005B1A81 /* Frameworks */ = {
			isa = PBXFrameworksBuildPhase;
			buildActionMask = 2147483647;
			files = (
				F751013DA44CD8083B116A27 /* Pods_Food_Aggregator.framework in Frameworks */,
			);
			runOnlyForDeploymentPostprocessing = 0;
		};
/* End PBXFrameworksBuildPhase section */

/* Begin PBXGroup section */
		5658B881E16ECB43D3F9230C /* Frameworks */ = {
			isa = PBXGroup;
			children = (
				59ADAEC1EAF00BED6FF7E730 /* Pods_Food_Aggregator.framework */,
			);
			name = Frameworks;
			sourceTree = "<group>";
		};
		B1A344C121713D81005B1A81 = {
			isa = PBXGroup;
			children = (
				B1A344CC21713D81005B1A81 /* Food Aggregator */,
				B1A344CB21713D81005B1A81 /* Products */,
				FA2BF6339460179A67B4CC17 /* Pods */,
				5658B881E16ECB43D3F9230C /* Frameworks */,
			);
			sourceTree = "<group>";
		};
		B1A344CB21713D81005B1A81 /* Products */ = {
			isa = PBXGroup;
			children = (
				B1A344CA21713D81005B1A81 /* Food Aggregator.app */,
			);
			name = Products;
			sourceTree = "<group>";
		};
		B1A344CC21713D81005B1A81 /* Food Aggregator */ = {
			isa = PBXGroup;
			children = (
				B1A344D721713D82005B1A81 /* Assets.xcassets */,
				B1A344DC21713D82005B1A81 /* Info.plist */,
				B1E1A5FF21A526C800F2FCA0 /* Header.h */,
				B1E1A60021A526F400F2FCA0 /* ExceptionCatcher.h */,
				B1C7A9F1219E976B0026F614 /* Model */,
				B1C7A9F4219E97DA0026F614 /* Views */,
				B1C7A9EE219E96FC0026F614 /* Controllers */,
				B1C7A9F2219E97790026F614 /* Network */,
				B1C7A9EF219E97210026F614 /* Cells */,
				B1C7A9F3219E97890026F614 /* Other */,
			);
			path = "Food Aggregator";
			sourceTree = "<group>";
		};
		B1C7A9EE219E96FC0026F614 /* Controllers */ = {
			isa = PBXGroup;
			children = (
				B1A344CF21713D81005B1A81 /* AuthenticationViewController.swift */,
				B1A344E221713FF6005B1A81 /* ClientHomeViewController.swift */,
				B1E9613D21A43C2E003A1FD9 /* VendorHomeViewController.swift */,
				B1A344F421715B3A005B1A81 /* FoodChainViewController.swift */,
				B1A344F6217167C2005B1A81 /* FoodJointMenuViewController.swift */,
				B1B077EE2187431E00A6AA67 /* CartViewController.swift */,
				B1E569FF2189640800C4B5B3 /* OrderConfirmationViewController.swift */,
				B1E56A01218A9AA200C4B5B3 /* OrdersViewController.swift */,
				B1E56A03218A9E4000C4B5B3 /* DrawerViewController.swift */,
				B1497DD5219B81A100816F68 /* LoginViewController.swift */,
				B1E9613721A43C14003A1FD9 /* OrderDetailViewController.swift */,
				B1E9614021A44B99003A1FD9 /* ProfileViewController.swift */,
				B1E1A5FD21A508DD00F2FCA0 /* SignupViewController.swift */,
			);
			path = Controllers;
			sourceTree = "<group>";
		};
		B1C7A9EF219E97210026F614 /* Cells */ = {
			isa = PBXGroup;
			children = (
				B1A344E821714237005B1A81 /* BaseCell.swift */,
				B1A344EA21714440005B1A81 /* FoodChainCollectionViewCell.swift */,
				B1E9613121A43B70003A1FD9 /* MenuCell.swift */,
				B1C7A9F0219E97330026F614 /* OrderConfirmation */,
				B109D753218AA681009035B0 /* DrawerCell.swift */,
				B1A0AD6F218BD12C008C17F5 /* ClientOrderCell.swift */,
				B1E9613521A43C0E003A1FD9 /* OrderDetailCell.swift */,
				B1E9613B21A43C28003A1FD9 /* OrderItemCell.swift */,
				B1E9613321A43BF4003A1FD9 /* VendorOrderCell.swift */,
				B175E432219934B60043064B /* FoodChainViewCell.swift */,
				B111EB2E219CD256005B0375 /* FoodClassCell.swift */,
				B111EB30219CD273005B0375 /* ExpandedCell.swift */,
				B1E9613F21A43CF8003A1FD9 /* VendorCells */,
				B1E1A5FB21A4EDDB00F2FCA0 /* DrawerHeaderCell.swift */,
			);
			path = Cells;
			sourceTree = "<group>";
		};
		B1C7A9F0219E97330026F614 /* OrderConfirmation */ = {
			isa = PBXGroup;
			children = (
				B19E76BC2189156300B7E6F1 /* HeaderView.swift */,
				B19E76BE2189162500B7E6F1 /* CartCollectionViewCell.swift */,
				B19E76C021892D0C00B7E6F1 /* FinalPriceView.swift */,
			);
			path = OrderConfirmation;
			sourceTree = "<group>";
		};
		B1C7A9F1219E976B0026F614 /* Model */ = {
			isa = PBXGroup;
			children = (
				B1497DDD219B845900816F68 /* User.swift */,
				B1497DE1219BC31200816F68 /* FoodCourt.swift */,
				B111EB2C219CC778005B0375 /* Restaurant.swift */,
				B1C7A9EA219E8A3C0026F614 /* Category.swift */,
				B1C7A9EC219E8A7C0026F614 /* FoodItem.swift */,
				B1E44D9A21A219B0005CB9B0 /* Order.swift */,
				B1E9613921A43C21003A1FD9 /* OrderItem.swift */,
			);
			path = Model;
			sourceTree = "<group>";
		};
		B1C7A9F2219E97790026F614 /* Network */ = {
			isa = PBXGroup;
			children = (
				B1497DD7219B820D00816F68 /* Client.swift */,
				B1497DD9219B827400816F68 /* Constants.swift */,
				B1497DDB219B833100816F68 /* Convenience.swift */,
			);
			path = Network;
			sourceTree = "<group>";
		};
		B1C7A9F3219E97890026F614 /* Other */ = {
			isa = PBXGroup;
			children = (
				B1A344CD21713D81005B1A81 /* AppDelegate.swift */,
				B1A344E421714021005B1A81 /* Extension.swift */,
			);
			path = Other;
			sourceTree = "<group>";
		};
		B1C7A9F4219E97DA0026F614 /* Views */ = {
			isa = PBXGroup;
			children = (
				B1E569FD2189486600C4B5B3 /* GMStepper.swift */,
				B1497DDF219B987500816F68 /* LeftAlignedIconButton.swift */,
				B1A344D121713D81005B1A81 /* Main.storyboard */,
				B1A344D921713D82005B1A81 /* LaunchScreen.storyboard */,
				B1E9612F21A43B27003A1FD9 /* MenuBar.swift */,
			);
			path = Views;
			sourceTree = "<group>";
		};
		B1E9613F21A43CF8003A1FD9 /* VendorCells */ = {
			isa = PBXGroup;
			children = (
				B1E9612D21A43AD7003A1FD9 /* VendorHeaderView.swift */,
				B1A344F021715143005B1A81 /* VendorCollectionViewCell.swift */,
				B1E9612B21A43A9A003A1FD9 /* FooterView.swift */,
			);
			path = VendorCells;
			sourceTree = "<group>";
		};
		FA2BF6339460179A67B4CC17 /* Pods */ = {
			isa = PBXGroup;
			children = (
				7A20080A819988240ED7CC87 /* Pods-Food Aggregator.debug.xcconfig */,
				EF0334ED2AD4150CC5393B7C /* Pods-Food Aggregator.release.xcconfig */,
			);
			name = Pods;
			sourceTree = "<group>";
		};
/* End PBXGroup section */

/* Begin PBXNativeTarget section */
		B1A344C921713D81005B1A81 /* Food Aggregator */ = {
			isa = PBXNativeTarget;
			buildConfigurationList = B1A344DF21713D82005B1A81 /* Build configuration list for PBXNativeTarget "Food Aggregator" */;
			buildPhases = (
				6C7765202C7F0B1B5E97F2D2 /* [CP] Check Pods Manifest.lock */,
				B1A344C621713D81005B1A81 /* Sources */,
				B1A344C721713D81005B1A81 /* Frameworks */,
				B1A344C821713D81005B1A81 /* Resources */,
				ADE93ED941C182F4EEA93C09 /* [CP] Embed Pods Frameworks */,
			);
			buildRules = (
			);
			dependencies = (
			);
			name = "Food Aggregator";
			productName = "Food Aggregator";
			productReference = B1A344CA21713D81005B1A81 /* Food Aggregator.app */;
			productType = "com.apple.product-type.application";
		};
/* End PBXNativeTarget section */

/* Begin PBXProject section */
		B1A344C221713D81005B1A81 /* Project object */ = {
			isa = PBXProject;
			attributes = {
				LastSwiftUpdateCheck = 1000;
				LastUpgradeCheck = 1000;
				ORGANIZATIONNAME = "Chashmeet Singh";
				TargetAttributes = {
					B1A344C921713D81005B1A81 = {
						CreatedOnToolsVersion = 10.0;
					};
				};
			};
			buildConfigurationList = B1A344C521713D81005B1A81 /* Build configuration list for PBXProject "Food Aggregator" */;
			compatibilityVersion = "Xcode 9.3";
			developmentRegion = en;
			hasScannedForEncodings = 0;
			knownRegions = (
				en,
				Base,
			);
			mainGroup = B1A344C121713D81005B1A81;
			productRefGroup = B1A344CB21713D81005B1A81 /* Products */;
			projectDirPath = "";
			projectRoot = "";
			targets = (
				B1A344C921713D81005B1A81 /* Food Aggregator */,
			);
		};
/* End PBXProject section */

/* Begin PBXResourcesBuildPhase section */
		B1A344C821713D81005B1A81 /* Resources */ = {
			isa = PBXResourcesBuildPhase;
			buildActionMask = 2147483647;
			files = (
				B1A344DB21713D82005B1A81 /* LaunchScreen.storyboard in Resources */,
				B1A344D821713D82005B1A81 /* Assets.xcassets in Resources */,
				B1A344D321713D81005B1A81 /* Main.storyboard in Resources */,
			);
			runOnlyForDeploymentPostprocessing = 0;
		};
/* End PBXResourcesBuildPhase section */

/* Begin PBXShellScriptBuildPhase section */
		6C7765202C7F0B1B5E97F2D2 /* [CP] Check Pods Manifest.lock */ = {
			isa = PBXShellScriptBuildPhase;
			buildActionMask = 2147483647;
			files = (
			);
			inputFileListPaths = (
			);
			inputPaths = (
				"${PODS_PODFILE_DIR_PATH}/Podfile.lock",
				"${PODS_ROOT}/Manifest.lock",
			);
			name = "[CP] Check Pods Manifest.lock";
			outputFileListPaths = (
			);
			outputPaths = (
				"$(DERIVED_FILE_DIR)/Pods-Food Aggregator-checkManifestLockResult.txt",
			);
			runOnlyForDeploymentPostprocessing = 0;
			shellPath = /bin/sh;
			shellScript = "diff \"${PODS_PODFILE_DIR_PATH}/Podfile.lock\" \"${PODS_ROOT}/Manifest.lock\" > /dev/null\nif [ $? != 0 ] ; then\n    # print error to STDERR\n    echo \"error: The sandbox is not in sync with the Podfile.lock. Run 'pod install' or update your CocoaPods installation.\" >&2\n    exit 1\nfi\n# This output is used by Xcode 'outputs' to avoid re-running this script phase.\necho \"SUCCESS\" > \"${SCRIPT_OUTPUT_FILE_0}\"\n";
			showEnvVarsInLog = 0;
		};
		ADE93ED941C182F4EEA93C09 /* [CP] Embed Pods Frameworks */ = {
			isa = PBXShellScriptBuildPhase;
			buildActionMask = 2147483647;
			files = (
			);
			inputFileListPaths = (
			);
			inputPaths = (
				"${SRCROOT}/Pods/Target Support Files/Pods-Food Aggregator/Pods-Food Aggregator-frameworks.sh",
				"${BUILT_PRODUCTS_DIR}/Alamofire/Alamofire.framework",
				"${BUILT_PRODUCTS_DIR}/BBBadgeBarButtonItem/BBBadgeBarButtonItem.framework",
				"${BUILT_PRODUCTS_DIR}/DeepDiff/DeepDiff.framework",
				"${BUILT_PRODUCTS_DIR}/FontAwesome.swift/FontAwesome_swift.framework",
				"${BUILT_PRODUCTS_DIR}/MDFInternationalization/MDFInternationalization.framework",
				"${BUILT_PRODUCTS_DIR}/MDFTextAccessibility/MDFTextAccessibility.framework",
				"${BUILT_PRODUCTS_DIR}/MMDrawerController/MMDrawerController.framework",
				"${BUILT_PRODUCTS_DIR}/MaterialComponents/MaterialComponents.framework",
				"${BUILT_PRODUCTS_DIR}/SkyFloatingLabelTextField/SkyFloatingLabelTextField.framework",
				"${BUILT_PRODUCTS_DIR}/Toast-Swift/Toast_Swift.framework",
			);
			name = "[CP] Embed Pods Frameworks";
			outputFileListPaths = (
			);
			outputPaths = (
				"${TARGET_BUILD_DIR}/${FRAMEWORKS_FOLDER_PATH}/Alamofire.framework",
				"${TARGET_BUILD_DIR}/${FRAMEWORKS_FOLDER_PATH}/BBBadgeBarButtonItem.framework",
				"${TARGET_BUILD_DIR}/${FRAMEWORKS_FOLDER_PATH}/DeepDiff.framework",
				"${TARGET_BUILD_DIR}/${FRAMEWORKS_FOLDER_PATH}/FontAwesome_swift.framework",
				"${TARGET_BUILD_DIR}/${FRAMEWORKS_FOLDER_PATH}/MDFInternationalization.framework",
				"${TARGET_BUILD_DIR}/${FRAMEWORKS_FOLDER_PATH}/MDFTextAccessibility.framework",
				"${TARGET_BUILD_DIR}/${FRAMEWORKS_FOLDER_PATH}/MMDrawerController.framework",
				"${TARGET_BUILD_DIR}/${FRAMEWORKS_FOLDER_PATH}/MaterialComponents.framework",
				"${TARGET_BUILD_DIR}/${FRAMEWORKS_FOLDER_PATH}/SkyFloatingLabelTextField.framework",
				"${TARGET_BUILD_DIR}/${FRAMEWORKS_FOLDER_PATH}/Toast_Swift.framework",
			);
			runOnlyForDeploymentPostprocessing = 0;
			shellPath = /bin/sh;
			shellScript = "\"${SRCROOT}/Pods/Target Support Files/Pods-Food Aggregator/Pods-Food Aggregator-frameworks.sh\"\n";
			showEnvVarsInLog = 0;
		};
/* End PBXShellScriptBuildPhase section */

/* Begin PBXSourcesBuildPhase section */
		B1A344C621713D81005B1A81 /* Sources */ = {
			isa = PBXSourcesBuildPhase;
			buildActionMask = 2147483647;
			files = (
				B1497DDA219B827400816F68 /* Constants.swift in Sources */,
				B1A344E521714021005B1A81 /* Extension.swift in Sources */,
				B1E569FE2189486600C4B5B3 /* GMStepper.swift in Sources */,
				B1E56A04218A9E4000C4B5B3 /* DrawerViewController.swift in Sources */,
				B1E9613E21A43C2E003A1FD9 /* VendorHomeViewController.swift in Sources */,
				B1497DD6219B81A100816F68 /* LoginViewController.swift in Sources */,
				B1E9614121A44B99003A1FD9 /* ProfileViewController.swift in Sources */,
				B1497DDE219B845900816F68 /* User.swift in Sources */,
				B111EB2F219CD256005B0375 /* FoodClassCell.swift in Sources */,
				B1C7A9EB219E8A3C0026F614 /* Category.swift in Sources */,
				B1E9613821A43C14003A1FD9 /* OrderDetailViewController.swift in Sources */,
				B1E9613421A43BF4003A1FD9 /* VendorOrderCell.swift in Sources */,
				B1A344F121715143005B1A81 /* VendorCollectionViewCell.swift in Sources */,
				B109D754218AA681009035B0 /* DrawerCell.swift in Sources */,
				B1C7A9ED219E8A7C0026F614 /* FoodItem.swift in Sources */,
				B1A344EB21714440005B1A81 /* FoodChainCollectionViewCell.swift in Sources */,
				B1E9612C21A43A9A003A1FD9 /* FooterView.swift in Sources */,
				B1497DE0219B987500816F68 /* LeftAlignedIconButton.swift in Sources */,
				B1E9613021A43B27003A1FD9 /* MenuBar.swift in Sources */,
				B1B077EF2187431E00A6AA67 /* CartViewController.swift in Sources */,
				B1A344D021713D81005B1A81 /* AuthenticationViewController.swift in Sources */,
				B1A344F7217167C2005B1A81 /* FoodJointMenuViewController.swift in Sources */,
				B1A344E921714237005B1A81 /* BaseCell.swift in Sources */,
				B1E9613C21A43C28003A1FD9 /* OrderItemCell.swift in Sources */,
				B1E9613221A43B70003A1FD9 /* MenuCell.swift in Sources */,
				B19E76C121892D0C00B7E6F1 /* FinalPriceView.swift in Sources */,
				B175E433219934B60043064B /* FoodChainViewCell.swift in Sources */,
				B1E9612E21A43AD7003A1FD9 /* VendorHeaderView.swift in Sources */,
				B1497DDC219B833100816F68 /* Convenience.swift in Sources */,
				B1497DD8219B820D00816F68 /* Client.swift in Sources */,
				B19E76BF2189162500B7E6F1 /* CartCollectionViewCell.swift in Sources */,
				B111EB31219CD273005B0375 /* ExpandedCell.swift in Sources */,
				B111EB2D219CC778005B0375 /* Restaurant.swift in Sources */,
				B1A344CE21713D81005B1A81 /* AppDelegate.swift in Sources */,
				B1E56A02218A9AA200C4B5B3 /* OrdersViewController.swift in Sources */,
				B1A0AD70218BD12C008C17F5 /* ClientOrderCell.swift in Sources */,
				B1A344F521715B3A005B1A81 /* FoodChainViewController.swift in Sources */,
				B1A344E321713FF6005B1A81 /* ClientHomeViewController.swift in Sources */,
				B1E56A002189640800C4B5B3 /* OrderConfirmationViewController.swift in Sources */,
				B1E9613621A43C0E003A1FD9 /* OrderDetailCell.swift in Sources */,
				B1497DE2219BC31200816F68 /* FoodCourt.swift in Sources */,
				B1E44D9B21A219B0005CB9B0 /* Order.swift in Sources */,
				B1E1A5FC21A4EDDB00F2FCA0 /* DrawerHeaderCell.swift in Sources */,
				B19E76BD2189156300B7E6F1 /* HeaderView.swift in Sources */,
				B1E1A5FE21A508DD00F2FCA0 /* SignupViewController.swift in Sources */,
				B1E9613A21A43C21003A1FD9 /* OrderItem.swift in Sources */,
			);
			runOnlyForDeploymentPostprocessing = 0;
		};
/* End PBXSourcesBuildPhase section */

/* Begin PBXVariantGroup section */
		B1A344D121713D81005B1A81 /* Main.storyboard */ = {
			isa = PBXVariantGroup;
			children = (
				B1A344D221713D81005B1A81 /* Base */,
			);
			name = Main.storyboard;
			sourceTree = "<group>";
		};
		B1A344D921713D82005B1A81 /* LaunchScreen.storyboard */ = {
			isa = PBXVariantGroup;
			children = (
				B1A344DA21713D82005B1A81 /* Base */,
			);
			name = LaunchScreen.storyboard;
			sourceTree = "<group>";
		};
/* End PBXVariantGroup section */

/* Begin XCBuildConfiguration section */
		B1A344DD21713D82005B1A81 /* Debug */ = {
			isa = XCBuildConfiguration;
			buildSettings = {
				ALWAYS_SEARCH_USER_PATHS = NO;
				CLANG_ANALYZER_NONNULL = YES;
				CLANG_ANALYZER_NUMBER_OBJECT_CONVERSION = YES_AGGRESSIVE;
				CLANG_CXX_LANGUAGE_STANDARD = "gnu++14";
				CLANG_CXX_LIBRARY = "libc++";
				CLANG_ENABLE_MODULES = YES;
				CLANG_ENABLE_OBJC_ARC = YES;
				CLANG_ENABLE_OBJC_WEAK = YES;
				CLANG_WARN_BLOCK_CAPTURE_AUTORELEASING = YES;
				CLANG_WARN_BOOL_CONVERSION = YES;
				CLANG_WARN_COMMA = YES;
				CLANG_WARN_CONSTANT_CONVERSION = YES;
				CLANG_WARN_DEPRECATED_OBJC_IMPLEMENTATIONS = YES;
				CLANG_WARN_DIRECT_OBJC_ISA_USAGE = YES_ERROR;
				CLANG_WARN_DOCUMENTATION_COMMENTS = YES;
				CLANG_WARN_EMPTY_BODY = YES;
				CLANG_WARN_ENUM_CONVERSION = YES;
				CLANG_WARN_INFINITE_RECURSION = YES;
				CLANG_WARN_INT_CONVERSION = YES;
				CLANG_WARN_NON_LITERAL_NULL_CONVERSION = YES;
				CLANG_WARN_OBJC_IMPLICIT_RETAIN_SELF = YES;
				CLANG_WARN_OBJC_LITERAL_CONVERSION = YES;
				CLANG_WARN_OBJC_ROOT_CLASS = YES_ERROR;
				CLANG_WARN_RANGE_LOOP_ANALYSIS = YES;
				CLANG_WARN_STRICT_PROTOTYPES = YES;
				CLANG_WARN_SUSPICIOUS_MOVE = YES;
				CLANG_WARN_UNGUARDED_AVAILABILITY = YES_AGGRESSIVE;
				CLANG_WARN_UNREACHABLE_CODE = YES;
				CLANG_WARN__DUPLICATE_METHOD_MATCH = YES;
				CODE_SIGN_IDENTITY = "iPhone Developer";
				COPY_PHASE_STRIP = NO;
				DEBUG_INFORMATION_FORMAT = dwarf;
				ENABLE_STRICT_OBJC_MSGSEND = YES;
				ENABLE_TESTABILITY = YES;
				GCC_C_LANGUAGE_STANDARD = gnu11;
				GCC_DYNAMIC_NO_PIC = NO;
				GCC_NO_COMMON_BLOCKS = YES;
				GCC_OPTIMIZATION_LEVEL = 0;
				GCC_PREPROCESSOR_DEFINITIONS = (
					"DEBUG=1",
					"$(inherited)",
				);
				GCC_WARN_64_TO_32_BIT_CONVERSION = YES;
				GCC_WARN_ABOUT_RETURN_TYPE = YES_ERROR;
				GCC_WARN_UNDECLARED_SELECTOR = YES;
				GCC_WARN_UNINITIALIZED_AUTOS = YES_AGGRESSIVE;
				GCC_WARN_UNUSED_FUNCTION = YES;
				GCC_WARN_UNUSED_VARIABLE = YES;
				IPHONEOS_DEPLOYMENT_TARGET = 12.0;
				MTL_ENABLE_DEBUG_INFO = INCLUDE_SOURCE;
				MTL_FAST_MATH = YES;
				ONLY_ACTIVE_ARCH = YES;
				SDKROOT = iphoneos;
				SWIFT_ACTIVE_COMPILATION_CONDITIONS = DEBUG;
				SWIFT_OPTIMIZATION_LEVEL = "-Onone";
			};
			name = Debug;
		};
		B1A344DE21713D82005B1A81 /* Release */ = {
			isa = XCBuildConfiguration;
			buildSettings = {
				ALWAYS_SEARCH_USER_PATHS = NO;
				CLANG_ANALYZER_NONNULL = YES;
				CLANG_ANALYZER_NUMBER_OBJECT_CONVERSION = YES_AGGRESSIVE;
				CLANG_CXX_LANGUAGE_STANDARD = "gnu++14";
				CLANG_CXX_LIBRARY = "libc++";
				CLANG_ENABLE_MODULES = YES;
				CLANG_ENABLE_OBJC_ARC = YES;
				CLANG_ENABLE_OBJC_WEAK = YES;
				CLANG_WARN_BLOCK_CAPTURE_AUTORELEASING = YES;
				CLANG_WARN_BOOL_CONVERSION = YES;
				CLANG_WARN_COMMA = YES;
				CLANG_WARN_CONSTANT_CONVERSION = YES;
				CLANG_WARN_DEPRECATED_OBJC_IMPLEMENTATIONS = YES;
				CLANG_WARN_DIRECT_OBJC_ISA_USAGE = YES_ERROR;
				CLANG_WARN_DOCUMENTATION_COMMENTS = YES;
				CLANG_WARN_EMPTY_BODY = YES;
				CLANG_WARN_ENUM_CONVERSION = YES;
				CLANG_WARN_INFINITE_RECURSION = YES;
				CLANG_WARN_INT_CONVERSION = YES;
				CLANG_WARN_NON_LITERAL_NULL_CONVERSION = YES;
				CLANG_WARN_OBJC_IMPLICIT_RETAIN_SELF = YES;
				CLANG_WARN_OBJC_LITERAL_CONVERSION = YES;
				CLANG_WARN_OBJC_ROOT_CLASS = YES_ERROR;
				CLANG_WARN_RANGE_LOOP_ANALYSIS = YES;
				CLANG_WARN_STRICT_PROTOTYPES = YES;
				CLANG_WARN_SUSPICIOUS_MOVE = YES;
				CLANG_WARN_UNGUARDED_AVAILABILITY = YES_AGGRESSIVE;
				CLANG_WARN_UNREACHABLE_CODE = YES;
				CLANG_WARN__DUPLICATE_METHOD_MATCH = YES;
				CODE_SIGN_IDENTITY = "iPhone Developer";
				COPY_PHASE_STRIP = NO;
				DEBUG_INFORMATION_FORMAT = "dwarf-with-dsym";
				ENABLE_NS_ASSERTIONS = NO;
				ENABLE_STRICT_OBJC_MSGSEND = YES;
				GCC_C_LANGUAGE_STANDARD = gnu11;
				GCC_NO_COMMON_BLOCKS = YES;
				GCC_WARN_64_TO_32_BIT_CONVERSION = YES;
				GCC_WARN_ABOUT_RETURN_TYPE = YES_ERROR;
				GCC_WARN_UNDECLARED_SELECTOR = YES;
				GCC_WARN_UNINITIALIZED_AUTOS = YES_AGGRESSIVE;
				GCC_WARN_UNUSED_FUNCTION = YES;
				GCC_WARN_UNUSED_VARIABLE = YES;
				IPHONEOS_DEPLOYMENT_TARGET = 12.0;
				MTL_ENABLE_DEBUG_INFO = NO;
				MTL_FAST_MATH = YES;
				SDKROOT = iphoneos;
				SWIFT_COMPILATION_MODE = wholemodule;
				SWIFT_OPTIMIZATION_LEVEL = "-O";
				VALIDATE_PRODUCT = YES;
			};
			name = Release;
		};
		B1A344E021713D82005B1A81 /* Debug */ = {
			isa = XCBuildConfiguration;
			baseConfigurationReference = 7A20080A819988240ED7CC87 /* Pods-Food Aggregator.debug.xcconfig */;
			buildSettings = {
				ASSETCATALOG_COMPILER_APPICON_NAME = AppIcon;
				CODE_SIGN_STYLE = Automatic;
				DEVELOPMENT_TEAM = MLF4G8Y374;
				INFOPLIST_FILE = "Food Aggregator/Info.plist";
				IPHONEOS_DEPLOYMENT_TARGET = 11.0;
				LD_RUNPATH_SEARCH_PATHS = (
					"$(inherited)",
					"@executable_path/Frameworks",
				);
				PRODUCT_BUNDLE_IDENTIFIER = "com.exxon.Food-Aggregator";
				PRODUCT_NAME = "$(TARGET_NAME)";
				SWIFT_OBJC_BRIDGING_HEADER = "/Users/chashmeet/Documents/food-aggregator/Food Aggregator/Header.h";
				SWIFT_VERSION = 4.2;
				TARGETED_DEVICE_FAMILY = "1,2";
			};
			name = Debug;
		};
		B1A344E121713D82005B1A81 /* Release */ = {
			isa = XCBuildConfiguration;
			baseConfigurationReference = EF0334ED2AD4150CC5393B7C /* Pods-Food Aggregator.release.xcconfig */;
			buildSettings = {
				ASSETCATALOG_COMPILER_APPICON_NAME = AppIcon;
				CODE_SIGN_STYLE = Automatic;
				DEVELOPMENT_TEAM = MLF4G8Y374;
				INFOPLIST_FILE = "Food Aggregator/Info.plist";
				IPHONEOS_DEPLOYMENT_TARGET = 11.0;
				LD_RUNPATH_SEARCH_PATHS = (
					"$(inherited)",
					"@executable_path/Frameworks",
				);
				PRODUCT_BUNDLE_IDENTIFIER = "com.exxon.Food-Aggregator";
				PRODUCT_NAME = "$(TARGET_NAME)";
				SWIFT_OBJC_BRIDGING_HEADER = "/Users/chashmeet/Documents/food-aggregator/Food Aggregator/Header.h";
				SWIFT_VERSION = 4.2;
				TARGETED_DEVICE_FAMILY = "1,2";
			};
			name = Release;
		};
/* End XCBuildConfiguration section */

/* Begin XCConfigurationList section */
		B1A344C521713D81005B1A81 /* Build configuration list for PBXProject "Food Aggregator" */ = {
			isa = XCConfigurationList;
			buildConfigurations = (
				B1A344DD21713D82005B1A81 /* Debug */,
				B1A344DE21713D82005B1A81 /* Release */,
			);
			defaultConfigurationIsVisible = 0;
			defaultConfigurationName = Release;
		};
		B1A344DF21713D82005B1A81 /* Build configuration list for PBXNativeTarget "Food Aggregator" */ = {
			isa = XCConfigurationList;
			buildConfigurations = (
				B1A344E021713D82005B1A81 /* Debug */,
				B1A344E121713D82005B1A81 /* Release */,
			);
			defaultConfigurationIsVisible = 0;
			defaultConfigurationName = Release;
		};
/* End XCConfigurationList section */
	};
	rootObject = B1A344C221713D81005B1A81 /* Project object */;
}
